
Microsoft Visual Studio Solution File, Format Version 12.00
# Visual Studio Version 17
VisualStudioVersion = 17.4.33213.308
MinimumVisualStudioVersion = 10.0.40219.1
Project("{FAE04EC0-301F-11D3-BF4B-00C04F79EFBC}") = "RoutingExample", "RoutingExample\RoutingExample.csproj", "{BB24F375-09C7-4F5A-B148-4BE7983C9CFD}"
EndProject
Global
	GlobalSection(SolutionConfigurationPlatforms) = preSolution
		Debug|Any CPU = Debug|Any CPU
		Release|Any CPU = Release|Any CPU
	EndGlobalSection
	GlobalSection(ProjectConfigurationPlatforms) = postSolution
		{BB24F375-09C7-4F5A-B148-4BE7983C9CFD}.Debug|Any CPU.ActiveCfg = Debug|Any CPU
		{BB24F375-09C7-4F5A-B148-4BE7983C9CFD}.Debug|Any CPU.Build.0 = Debug|Any CPU
		{BB24F375-09C7-4F5A-B148-4BE7983C9CFD}.Release|Any CPU.ActiveCfg = Release|Any CPU
		{BB24F375-09C7-4F5A-B148-4BE7983C9CFD}.Release|Any CPU.Build.0 = Release|Any CPU
	EndGlobalSection
	GlobalSection(SolutionProperties) = preSolution
		HideSolutionNode = FALSE
	EndGlobalSection
	GlobalSection(ExtensibilityGlobals) = postSolution
		SolutionGuid = {26F38565-3EA5-41C5-8B27-037B5694413B}
	EndGlobalSection
EndGlobal
